{
    "_readme": [
        "Auto-generated composer.lock"
    ],
    "content-hash": "aaf6f9b78f6b0ba8e38b0bdbc6f2479a",
    "packages": [],
    "packages-dev": [],
    "aliases": [],
    "minimum-stability": "stable",
    "stability-flags": [],
    "prefer-stable": false,
    "prefer-lowest": false,
    "platform": {
        "php": ">=8.0",
        "ext-pdo": "*",
        "ext-pdo_mysql": "*"
    },
    "platform-dev": [],
    "plugin-api-version": "2.6.0"
}
